
Microsoft Visual Studio Solution File, Format Version 12.00
# Visual Studio Version 16
VisualStudioVersion = 16.0.30011.22
MinimumVisualStudioVersion = 10.0.40219.1
Project("{E24C65DC-7377-472B-9ABA-BC803B73C61A}") = "DEVGROUPWEB", "DEVGROUPWEB\", "{ABE69351-BA5C-4799-AD33-D017AA435CCE}"
	ProjectSection(WebsiteProperties) = preProject
		TargetFrameworkMoniker = ".NETFramework,Version%3Dv4.0"
		Debug.AspNetCompiler.VirtualPath = "/localhost_63656"
		Debug.AspNetCompiler.PhysicalPath = "DEVGROUPWEB\"
		Debug.AspNetCompiler.TargetPath = "PrecompiledWeb\localhost_63656\"
		Debug.AspNetCompiler.Updateable = "true"
		Debug.AspNetCompiler.ForceOverwrite = "true"
		Debug.AspNetCompiler.FixedNames = "false"
		Debug.AspNetCompiler.Debug = "True"
		Release.AspNetCompiler.VirtualPath = "/localhost_63656"
		Release.AspNetCompiler.PhysicalPath = "DEVGROUPWEB\"
		Release.AspNetCompiler.TargetPath = "PrecompiledWeb\localhost_63656\"
		Release.AspNetCompiler.Updateable = "true"
		Release.AspNetCompiler.ForceOverwrite = "true"
		Release.AspNetCompiler.FixedNames = "false"
		Release.AspNetCompiler.Debug = "False"
		VWDPort = "63656"
		SlnRelativePath = "DEVGROUPWEB\"
	EndProjectSection
EndProject
Global
	GlobalSection(SolutionConfigurationPlatforms) = preSolution
		Debug|Any CPU = Debug|Any CPU
	EndGlobalSection
	GlobalSection(ProjectConfigurationPlatforms) = postSolution
		{ABE69351-BA5C-4799-AD33-D017AA435CCE}.Debug|Any CPU.ActiveCfg = Debug|Any CPU
		{ABE69351-BA5C-4799-AD33-D017AA435CCE}.Debug|Any CPU.Build.0 = Debug|Any CPU
	EndGlobalSection
	GlobalSection(SolutionProperties) = preSolution
		HideSolutionNode = FALSE
	EndGlobalSection
	GlobalSection(ExtensibilityGlobals) = postSolution
		SolutionGuid = {077530AB-4D99-4F1F-919E-A60C33A84507}
	EndGlobalSection
EndGlobal
